// !$*UTF8*$!
{
	archiveVersion = 1;
	classes = {
	};
	objectVersion = 55;
	objects = {

/* Begin PBXBuildFile section */
		3502026B296B1EBA00CEB6B1 /* PostContent.swift in Sources */ = {isa = PBXBuildFile; fileRef = 3502026A296B1EBA00CEB6B1 /* PostContent.swift */; };
		3502026D296B1F0100CEB6B1 /* OpinionsView.swift in Sources */ = {isa = PBXBuildFile; fileRef = 3502026C296B1F0100CEB6B1 /* OpinionsView.swift */; };
		3502026F296B1F2200CEB6B1 /* CommentTableViewCell.swift in Sources */ = {isa = PBXBuildFile; fileRef = 3502026E296B1F2200CEB6B1 /* CommentTableViewCell.swift */; };
		350F69122965BADF001F37D3 /* Starscream in Frameworks */ = {isa = PBXBuildFile; productRef = 350F69112965BADF001F37D3 /* Starscream */; };
		350F691A29688671001F37D3 /* CoinDetailRouter.swift in Sources */ = {isa = PBXBuildFile; fileRef = 350F691629688671001F37D3 /* CoinDetailRouter.swift */; };
		350F691B29688671001F37D3 /* CoinDetailViewController.swift in Sources */ = {isa = PBXBuildFile; fileRef = 350F691729688671001F37D3 /* CoinDetailViewController.swift */; };
		350F691C29688671001F37D3 /* CoinDetailBuilder.swift in Sources */ = {isa = PBXBuildFile; fileRef = 350F691829688671001F37D3 /* CoinDetailBuilder.swift */; };
		350F691D29688671001F37D3 /* CoinDetailInteractor.swift in Sources */ = {isa = PBXBuildFile; fileRef = 350F691929688671001F37D3 /* CoinDetailInteractor.swift */; };
		350F69242969E9CC001F37D3 /* FirebaseAnalytics in Frameworks */ = {isa = PBXBuildFile; productRef = 350F69232969E9CC001F37D3 /* FirebaseAnalytics */; };
		350F69262969E9CC001F37D3 /* FirebaseAuth in Frameworks */ = {isa = PBXBuildFile; productRef = 350F69252969E9CC001F37D3 /* FirebaseAuth */; };
		350F69282969E9CC001F37D3 /* FirebaseAuthCombine-Community in Frameworks */ = {isa = PBXBuildFile; productRef = 350F69272969E9CC001F37D3 /* FirebaseAuthCombine-Community */; };
		350F692A2969E9CC001F37D3 /* FirebaseDatabase in Frameworks */ = {isa = PBXBuildFile; productRef = 350F69292969E9CC001F37D3 /* FirebaseDatabase */; };
		350F692C2969E9CC001F37D3 /* FirebaseDatabaseSwift in Frameworks */ = {isa = PBXBuildFile; productRef = 350F692B2969E9CC001F37D3 /* FirebaseDatabaseSwift */; };
		350F692E2969E9CC001F37D3 /* FirebaseFirestore in Frameworks */ = {isa = PBXBuildFile; productRef = 350F692D2969E9CC001F37D3 /* FirebaseFirestore */; };
		350F69302969E9CC001F37D3 /* FirebaseFirestoreCombine-Community in Frameworks */ = {isa = PBXBuildFile; productRef = 350F692F2969E9CC001F37D3 /* FirebaseFirestoreCombine-Community */; };
		350F69322969EB2A001F37D3 /* GoogleService-Info.plist in Resources */ = {isa = PBXBuildFile; fileRef = 350F69312969EB2A001F37D3 /* GoogleService-Info.plist */; };
		350F69342969ED56001F37D3 /* FirebaseManager.swift in Sources */ = {isa = PBXBuildFile; fileRef = 350F69332969ED56001F37D3 /* FirebaseManager.swift */; };
		35138015284D019E0082D813 /* WatchlistView.swift in Sources */ = {isa = PBXBuildFile; fileRef = 35138014284D019E0082D813 /* WatchlistView.swift */; };
		35138017284D034B0082D813 /* WatchlistItemCell.swift in Sources */ = {isa = PBXBuildFile; fileRef = 35138016284D034B0082D813 /* WatchlistItemCell.swift */; };
		35138019284D0C480082D813 /* WatchlistItemModel.swift in Sources */ = {isa = PBXBuildFile; fileRef = 35138018284D0C480082D813 /* WatchlistItemModel.swift */; };
		35138020284D17F90082D813 /* TableViewDiffableDataSource.swift in Sources */ = {isa = PBXBuildFile; fileRef = 3513801F284D17F90082D813 /* TableViewDiffableDataSource.swift */; };
		35138022284D19180082D813 /* Quote.swift in Sources */ = {isa = PBXBuildFile; fileRef = 35138021284D19180082D813 /* Quote.swift */; };
		35138024284D192A0082D813 /* CandleStick.swift in Sources */ = {isa = PBXBuildFile; fileRef = 35138023284D192A0082D813 /* CandleStick.swift */; };
		35138027284E47380082D813 /* MenuBarButton.swift in Sources */ = {isa = PBXBuildFile; fileRef = 35138026284E47380082D813 /* MenuBarButton.swift */; };
		3513802C284EECFA0082D813 /* NewsHeaderView.swift in Sources */ = {isa = PBXBuildFile; fileRef = 3513802B284EECFA0082D813 /* NewsHeaderView.swift */; };
		3513802F284EED270082D813 /* SDWebImage in Frameworks */ = {isa = PBXBuildFile; productRef = 3513802E284EED270082D813 /* SDWebImage */; };
		35138032284EF38D0082D813 /* NewsStoryTableViewCell.swift in Sources */ = {isa = PBXBuildFile; fileRef = 35138031284EF38D0082D813 /* NewsStoryTableViewCell.swift */; };
		35138035284F30350082D813 /* NetworkManager.swift in Sources */ = {isa = PBXBuildFile; fileRef = 35138034284F30350082D813 /* NetworkManager.swift */; };
		35138037284F303B0082D813 /* PersistanceManager.swift in Sources */ = {isa = PBXBuildFile; fileRef = 35138036284F303B0082D813 /* PersistanceManager.swift */; };
		35138039284F59D70082D813 /* WebSocketData.swift in Sources */ = {isa = PBXBuildFile; fileRef = 35138038284F59D70082D813 /* WebSocketData.swift */; };
		3513803B284F5A470082D813 /* NewsData.swift in Sources */ = {isa = PBXBuildFile; fileRef = 3513803A284F5A470082D813 /* NewsData.swift */; };
		3513803D284F5ACE0082D813 /* WebsocketManager.swift in Sources */ = {isa = PBXBuildFile; fileRef = 3513803C284F5ACE0082D813 /* WebsocketManager.swift */; };
		3513803F284F5CE50082D813 /* UrlConfigurable.swift in Sources */ = {isa = PBXBuildFile; fileRef = 3513803E284F5CE50082D813 /* UrlConfigurable.swift */; };
		35138044284F62740082D813 /* NewsRepository.swift in Sources */ = {isa = PBXBuildFile; fileRef = 35138043284F62740082D813 /* NewsRepository.swift */; };
		3513804A2855CF630082D813 /* SearchRouter.swift in Sources */ = {isa = PBXBuildFile; fileRef = 351380462855CF620082D813 /* SearchRouter.swift */; };
		3513804B2855CF630082D813 /* SearchViewController.swift in Sources */ = {isa = PBXBuildFile; fileRef = 351380472855CF620082D813 /* SearchViewController.swift */; };
		3513804C2855CF630082D813 /* SearchBuilder.swift in Sources */ = {isa = PBXBuildFile; fileRef = 351380482855CF620082D813 /* SearchBuilder.swift */; };
		3513804D2855CF630082D813 /* SearchInteractor.swift in Sources */ = {isa = PBXBuildFile; fileRef = 351380492855CF620082D813 /* SearchInteractor.swift */; };
		351380582855D4DF0082D813 /* UIViewController+Utils.swift in Sources */ = {isa = PBXBuildFile; fileRef = 351380572855D4DF0082D813 /* UIViewController+Utils.swift */; };
		3513805A2855DFBE0082D813 /* SearchView.swift in Sources */ = {isa = PBXBuildFile; fileRef = 351380592855DFBE0082D813 /* SearchView.swift */; };
		3513805C2855DFD40082D813 /* SearchCell.swift in Sources */ = {isa = PBXBuildFile; fileRef = 3513805B2855DFD40082D813 /* SearchCell.swift */; };
		351380612855E19B0082D813 /* CryptoCandle.swift in Sources */ = {isa = PBXBuildFile; fileRef = 351380602855E19B0082D813 /* CryptoCandle.swift */; };
		356FF3F029711822003BD4E8 /* ChartSwiftUIView.swift in Sources */ = {isa = PBXBuildFile; fileRef = 356FF3EF29711822003BD4E8 /* ChartSwiftUIView.swift */; };
		356FF3FB2971C51C003BD4E8 /* PortfolioRouter.swift in Sources */ = {isa = PBXBuildFile; fileRef = 356FF3F72971C51C003BD4E8 /* PortfolioRouter.swift */; };
		356FF3FC2971C51C003BD4E8 /* PortfolioViewController.swift in Sources */ = {isa = PBXBuildFile; fileRef = 356FF3F82971C51C003BD4E8 /* PortfolioViewController.swift */; };
		356FF3FD2971C51C003BD4E8 /* PortfolioBuilder.swift in Sources */ = {isa = PBXBuildFile; fileRef = 356FF3F92971C51C003BD4E8 /* PortfolioBuilder.swift */; };
		356FF3FE2971C51C003BD4E8 /* PortfolioInteractor.swift in Sources */ = {isa = PBXBuildFile; fileRef = 356FF3FA2971C51C003BD4E8 /* PortfolioInteractor.swift */; };
		357DCC86284BBBD200AA7570 /* AppDelegate.swift in Sources */ = {isa = PBXBuildFile; fileRef = 357DCC85284BBBD200AA7570 /* AppDelegate.swift */; };
		357DCC88284BBBD300AA7570 /* SceneDelegate.swift in Sources */ = {isa = PBXBuildFile; fileRef = 357DCC87284BBBD300AA7570 /* SceneDelegate.swift */; };
		357DCC8F284BBBD400AA7570 /* Assets.xcassets in Resources */ = {isa = PBXBuildFile; fileRef = 357DCC8E284BBBD400AA7570 /* Assets.xcassets */; };
		357DCC92284BBBD400AA7570 /* LaunchScreen.storyboard in Resources */ = {isa = PBXBuildFile; fileRef = 357DCC90284BBBD400AA7570 /* LaunchScreen.storyboard */; };
		357DCCA5284BBCCA00AA7570 /* AppRootRouter.swift in Sources */ = {isa = PBXBuildFile; fileRef = 357DCCA1284BBCCA00AA7570 /* AppRootRouter.swift */; };
		357DCCA6284BBCCA00AA7570 /* AppRootViewController.swift in Sources */ = {isa = PBXBuildFile; fileRef = 357DCCA2284BBCCA00AA7570 /* AppRootViewController.swift */; };
		357DCCA7284BBCCA00AA7570 /* AppRootBuilder.swift in Sources */ = {isa = PBXBuildFile; fileRef = 357DCCA3284BBCCA00AA7570 /* AppRootBuilder.swift */; };
		357DCCA8284BBCCA00AA7570 /* AppRootInteractor.swift in Sources */ = {isa = PBXBuildFile; fileRef = 357DCCA4284BBCCA00AA7570 /* AppRootInteractor.swift */; };
		357DCCAE284BD7F600AA7570 /* MainRouter.swift in Sources */ = {isa = PBXBuildFile; fileRef = 357DCCAA284BD7F600AA7570 /* MainRouter.swift */; };
		357DCCAF284BD7F600AA7570 /* MainViewController.swift in Sources */ = {isa = PBXBuildFile; fileRef = 357DCCAB284BD7F600AA7570 /* MainViewController.swift */; };
		357DCCB0284BD7F600AA7570 /* MainBuilder.swift in Sources */ = {isa = PBXBuildFile; fileRef = 357DCCAC284BD7F600AA7570 /* MainBuilder.swift */; };
		357DCCB1284BD7F600AA7570 /* MainInteractor.swift in Sources */ = {isa = PBXBuildFile; fileRef = 357DCCAD284BD7F600AA7570 /* MainInteractor.swift */; };
		357DCCB3284BDA4700AA7570 /* RIBs+Utils.swift in Sources */ = {isa = PBXBuildFile; fileRef = 357DCCB2284BDA4700AA7570 /* RIBs+Utils.swift */; };
		357DCCB5284BE5C900AA7570 /* MainView.swift in Sources */ = {isa = PBXBuildFile; fileRef = 357DCCB4284BE5C900AA7570 /* MainView.swift */; };
		357DCCB9284BE64200AA7570 /* ModernRIBs in Frameworks */ = {isa = PBXBuildFile; productRef = 357DCCB8284BE64200AA7570 /* ModernRIBs */; };
		357DCCBC284BE64F00AA7570 /* CombineCocoa in Frameworks */ = {isa = PBXBuildFile; productRef = 357DCCBB284BE64F00AA7570 /* CombineCocoa */; };
		357DCCBE284BE6A500AA7570 /* MenuBarView.swift in Sources */ = {isa = PBXBuildFile; fileRef = 357DCCBD284BE6A500AA7570 /* MenuBarView.swift */; };
		357DCCC0284BE6CE00AA7570 /* UIView+Ext.swift in Sources */ = {isa = PBXBuildFile; fileRef = 357DCCBF284BE6CE00AA7570 /* UIView+Ext.swift */; };
		357DCCC2284BE73700AA7570 /* BaseView.swift in Sources */ = {isa = PBXBuildFile; fileRef = 357DCCC1284BE73700AA7570 /* BaseView.swift */; };
		357DCCCA284BEBCC00AA7570 /* WatchlistRouter.swift in Sources */ = {isa = PBXBuildFile; fileRef = 357DCCC6284BEBCC00AA7570 /* WatchlistRouter.swift */; };
		357DCCCB284BEBCC00AA7570 /* WatchlistViewController.swift in Sources */ = {isa = PBXBuildFile; fileRef = 357DCCC7284BEBCC00AA7570 /* WatchlistViewController.swift */; };
		357DCCCC284BEBCC00AA7570 /* WatchlistBuilder.swift in Sources */ = {isa = PBXBuildFile; fileRef = 357DCCC8284BEBCC00AA7570 /* WatchlistBuilder.swift */; };
		357DCCCD284BEBCC00AA7570 /* WatchlistInteractor.swift in Sources */ = {isa = PBXBuildFile; fileRef = 357DCCC9284BEBCC00AA7570 /* WatchlistInteractor.swift */; };
		357DCCD2284BEBE000AA7570 /* OpinionsRouter.swift in Sources */ = {isa = PBXBuildFile; fileRef = 357DCCCE284BEBE000AA7570 /* OpinionsRouter.swift */; };
		357DCCD3284BEBE000AA7570 /* OpinionsViewController.swift in Sources */ = {isa = PBXBuildFile; fileRef = 357DCCCF284BEBE000AA7570 /* OpinionsViewController.swift */; };
		357DCCD4284BEBE000AA7570 /* OpinionsBuilder.swift in Sources */ = {isa = PBXBuildFile; fileRef = 357DCCD0284BEBE000AA7570 /* OpinionsBuilder.swift */; };
		357DCCD5284BEBE000AA7570 /* OpinionsInteractor.swift in Sources */ = {isa = PBXBuildFile; fileRef = 357DCCD1284BEBE000AA7570 /* OpinionsInteractor.swift */; };
		357DCCDA284BEBF000AA7570 /* NewsRouter.swift in Sources */ = {isa = PBXBuildFile; fileRef = 357DCCD6284BEBF000AA7570 /* NewsRouter.swift */; };
		357DCCDB284BEBF000AA7570 /* NewsViewController.swift in Sources */ = {isa = PBXBuildFile; fileRef = 357DCCD7284BEBF000AA7570 /* NewsViewController.swift */; };
		357DCCDC284BEBF000AA7570 /* NewsBuilder.swift in Sources */ = {isa = PBXBuildFile; fileRef = 357DCCD8284BEBF000AA7570 /* NewsBuilder.swift */; };
		357DCCDD284BEBF000AA7570 /* NewsInteractor.swift in Sources */ = {isa = PBXBuildFile; fileRef = 357DCCD9284BEBF000AA7570 /* NewsInteractor.swift */; };
		357DCCDF284BF09100AA7570 /* MainViewCell.swift in Sources */ = {isa = PBXBuildFile; fileRef = 357DCCDE284BF09100AA7570 /* MainViewCell.swift */; };
		35C1623C29730F4F003FBA1B /* Decodable+Ext.swift in Sources */ = {isa = PBXBuildFile; fileRef = 35C1623B29730F4F003FBA1B /* Decodable+Ext.swift */; };
		35C1623E29730F6A003FBA1B /* UIColor+Ext.swift in Sources */ = {isa = PBXBuildFile; fileRef = 35C1623D29730F6A003FBA1B /* UIColor+Ext.swift */; };
		35C1624429756BAF003FBA1B /* WritingOpinionRouter.swift in Sources */ = {isa = PBXBuildFile; fileRef = 35C1624029756BAF003FBA1B /* WritingOpinionRouter.swift */; };
		35C1624529756BAF003FBA1B /* WritingOpinionViewController.swift in Sources */ = {isa = PBXBuildFile; fileRef = 35C1624129756BAF003FBA1B /* WritingOpinionViewController.swift */; };
		35C1624629756BAF003FBA1B /* WritingOpinionBuilder.swift in Sources */ = {isa = PBXBuildFile; fileRef = 35C1624229756BAF003FBA1B /* WritingOpinionBuilder.swift */; };
		35C1624729756BAF003FBA1B /* WritingOpinionInteractor.swift in Sources */ = {isa = PBXBuildFile; fileRef = 35C1624329756BAF003FBA1B /* WritingOpinionInteractor.swift */; };
		35C1624929756E78003FBA1B /* WritingOpinionView.swift in Sources */ = {isa = PBXBuildFile; fileRef = 35C1624829756E78003FBA1B /* WritingOpinionView.swift */; };
		35C1624C29757D41003FBA1B /* UITextField+Ext.swift in Sources */ = {isa = PBXBuildFile; fileRef = 35C1624B29757D41003FBA1B /* UITextField+Ext.swift */; };
		35C1624E29757D74003FBA1B /* AdaptivePresentationControllerDelegateProxy.swift in Sources */ = {isa = PBXBuildFile; fileRef = 35C1624D29757D74003FBA1B /* AdaptivePresentationControllerDelegateProxy.swift */; };
		35C1625229758026003FBA1B /* CaptionTextView.swift in Sources */ = {isa = PBXBuildFile; fileRef = 35C1625129758026003FBA1B /* CaptionTextView.swift */; };
		35C162562975977A003FBA1B /* WatchlistRepository.swift in Sources */ = {isa = PBXBuildFile; fileRef = 35C162552975977A003FBA1B /* WatchlistRepository.swift */; };
		35C1625829759A3E003FBA1B /* OpinionRepository.swift in Sources */ = {isa = PBXBuildFile; fileRef = 35C1625729759A3E003FBA1B /* OpinionRepository.swift */; };
		35C1625A29759AF4003FBA1B /* WritingOpinionRepository.swift in Sources */ = {isa = PBXBuildFile; fileRef = 35C1625929759AF4003FBA1B /* WritingOpinionRepository.swift */; };
		35C1625C29759C50003FBA1B /* SearchRepository.swift in Sources */ = {isa = PBXBuildFile; fileRef = 35C1625B29759C50003FBA1B /* SearchRepository.swift */; };
		35C1625E29759D82003FBA1B /* CoinDetailRepository.swift in Sources */ = {isa = PBXBuildFile; fileRef = 35C1625D29759D82003FBA1B /* CoinDetailRepository.swift */; };
		35C1626029759F25003FBA1B /* PortfolioRepository.swift in Sources */ = {isa = PBXBuildFile; fileRef = 35C1625F29759F25003FBA1B /* PortfolioRepository.swift */; };
		35C1626229769F0B003FBA1B /* CoinDetailView.swift in Sources */ = {isa = PBXBuildFile; fileRef = 35C1626129769F0B003FBA1B /* CoinDetailView.swift */; };
		35C162652976ADFF003FBA1B /* TabBarItemSettable.swift in Sources */ = {isa = PBXBuildFile; fileRef = 35C162642976ADFF003FBA1B /* TabBarItemSettable.swift */; };
		35C162672976AE11003FBA1B /* ViewControllerLifeCycle.swift in Sources */ = {isa = PBXBuildFile; fileRef = 35C162662976AE11003FBA1B /* ViewControllerLifeCycle.swift */; };
		35C162692976B6C0003FBA1B /* CoinLabel.swift in Sources */ = {isa = PBXBuildFile; fileRef = 35C162682976B6C0003FBA1B /* CoinLabel.swift */; };
		35C1626B2976B6CB003FBA1B /* CoinPriceLabel.swift in Sources */ = {isa = PBXBuildFile; fileRef = 35C1626A2976B6CB003FBA1B /* CoinPriceLabel.swift */; };
		35C1626D2976B6D6003FBA1B /* CoinChartView.swift in Sources */ = {isa = PBXBuildFile; fileRef = 35C1626C2976B6D6003FBA1B /* CoinChartView.swift */; };
		35C162702977E6B7003FBA1B /* CoinCapAssetResponse.swift in Sources */ = {isa = PBXBuildFile; fileRef = 35C1626F2977E6B7003FBA1B /* CoinCapAssetResponse.swift */; };
		35C162722977E7B3003FBA1B /* CoinCapDetail.swift in Sources */ = {isa = PBXBuildFile; fileRef = 35C162712977E7B3003FBA1B /* CoinCapDetail.swift */; };
		35C162742977FB29003FBA1B /* String+Ext.swift in Sources */ = {isa = PBXBuildFile; fileRef = 35C162732977FB29003FBA1B /* String+Ext.swift */; };
		35C16276297800AA003FBA1B /* CoinDetailMetaView.swift in Sources */ = {isa = PBXBuildFile; fileRef = 35C16275297800AA003FBA1B /* CoinDetailMetaView.swift */; };
		35C1627C297A8F59003FBA1B /* StockCharts in Frameworks */ = {isa = PBXBuildFile; productRef = 35C1627B297A8F59003FBA1B /* StockCharts */; };
		35C1627E297A9C89003FBA1B /* CoinChartData.swift in Sources */ = {isa = PBXBuildFile; fileRef = 35C1627D297A9C89003FBA1B /* CoinChartData.swift */; };
		35C16280297B0646003FBA1B /* CoinDetailMetaInfoCell.swift in Sources */ = {isa = PBXBuildFile; fileRef = 35C1627F297B0646003FBA1B /* CoinDetailMetaInfoCell.swift */; };
		35C16282297B0694003FBA1B /* CoinDetailMetaViewData.swift in Sources */ = {isa = PBXBuildFile; fileRef = 35C16281297B0694003FBA1B /* CoinDetailMetaViewData.swift */; };
		35C16284297B088B003FBA1B /* CoinPriceLabelData.swift in Sources */ = {isa = PBXBuildFile; fileRef = 35C16283297B088B003FBA1B /* CoinPriceLabelData.swift */; };
		35C16286297B0912003FBA1B /* CoinLabelData.swift in Sources */ = {isa = PBXBuildFile; fileRef = 35C16285297B0912003FBA1B /* CoinLabelData.swift */; };
		35C16288297C5366003FBA1B /* DateFormatter+Ext.swift in Sources */ = {isa = PBXBuildFile; fileRef = 35C16287297C5366003FBA1B /* DateFormatter+Ext.swift */; };
		35C1628A297C537A003FBA1B /* NumberFormatter.swift in Sources */ = {isa = PBXBuildFile; fileRef = 35C16289297C537A003FBA1B /* NumberFormatter.swift */; };
		35C1628C297C5395003FBA1B /* NewsStory.swift in Sources */ = {isa = PBXBuildFile; fileRef = 35C1628B297C5395003FBA1B /* NewsStory.swift */; };
		35C9716F28FC0AAD00079B03 /* FloatingPanel in Frameworks */ = {isa = PBXBuildFile; productRef = 35C9716E28FC0AAD00079B03 /* FloatingPanel */; };
		35D2AD772929E9B900E9F9B3 /* RootTabBarController.swift in Sources */ = {isa = PBXBuildFile; fileRef = 35D2AD762929E9B900E9F9B3 /* RootTabBarController.swift */; };
		35D2AD792929EA3600E9F9B3 /* AppRootView.swift in Sources */ = {isa = PBXBuildFile; fileRef = 35D2AD782929EA3600E9F9B3 /* AppRootView.swift */; };
/* End PBXBuildFile section */

/* Begin PBXFileReference section */
		3502026A296B1EBA00CEB6B1 /* PostContent.swift */ = {isa = PBXFileReference; lastKnownFileType = sourcecode.swift; path = PostContent.swift; sourceTree = "<group>"; };
		3502026C296B1F0100CEB6B1 /* OpinionsView.swift */ = {isa = PBXFileReference; lastKnownFileType = sourcecode.swift; path = OpinionsView.swift; sourceTree = "<group>"; };
		3502026E296B1F2200CEB6B1 /* CommentTableViewCell.swift */ = {isa = PBXFileReference; lastKnownFileType = sourcecode.swift; path = CommentTableViewCell.swift; sourceTree = "<group>"; };
		350F691629688671001F37D3 /* CoinDetailRouter.swift */ = {isa = PBXFileReference; lastKnownFileType = sourcecode.swift; path = CoinDetailRouter.swift; sourceTree = "<group>"; };
		350F691729688671001F37D3 /* CoinDetailViewController.swift */ = {isa = PBXFileReference; lastKnownFileType = sourcecode.swift; path = CoinDetailViewController.swift; sourceTree = "<group>"; };
		350F691829688671001F37D3 /* CoinDetailBuilder.swift */ = {isa = PBXFileReference; lastKnownFileType = sourcecode.swift; path = CoinDetailBuilder.swift; sourceTree = "<group>"; };
		350F691929688671001F37D3 /* CoinDetailInteractor.swift */ = {isa = PBXFileReference; lastKnownFileType = sourcecode.swift; path = CoinDetailInteractor.swift; sourceTree = "<group>"; };
		350F69312969EB2A001F37D3 /* GoogleService-Info.plist */ = {isa = PBXFileReference; fileEncoding = 4; lastKnownFileType = text.plist.xml; path = "GoogleService-Info.plist"; sourceTree = "<group>"; };
		350F69332969ED56001F37D3 /* FirebaseManager.swift */ = {isa = PBXFileReference; lastKnownFileType = sourcecode.swift; path = FirebaseManager.swift; sourceTree = "<group>"; };
		35138014284D019E0082D813 /* WatchlistView.swift */ = {isa = PBXFileReference; lastKnownFileType = sourcecode.swift; path = WatchlistView.swift; sourceTree = "<group>"; };
		35138016284D034B0082D813 /* WatchlistItemCell.swift */ = {isa = PBXFileReference; lastKnownFileType = sourcecode.swift; path = WatchlistItemCell.swift; sourceTree = "<group>"; };
		35138018284D0C480082D813 /* WatchlistItemModel.swift */ = {isa = PBXFileReference; lastKnownFileType = sourcecode.swift; path = WatchlistItemModel.swift; sourceTree = "<group>"; };
		3513801F284D17F90082D813 /* TableViewDiffableDataSource.swift */ = {isa = PBXFileReference; lastKnownFileType = sourcecode.swift; path = TableViewDiffableDataSource.swift; sourceTree = "<group>"; };
		35138021284D19180082D813 /* Quote.swift */ = {isa = PBXFileReference; lastKnownFileType = sourcecode.swift; path = Quote.swift; sourceTree = "<group>"; };
		35138023284D192A0082D813 /* CandleStick.swift */ = {isa = PBXFileReference; lastKnownFileType = sourcecode.swift; path = CandleStick.swift; sourceTree = "<group>"; };
		35138026284E47380082D813 /* MenuBarButton.swift */ = {isa = PBXFileReference; lastKnownFileType = sourcecode.swift; path = MenuBarButton.swift; sourceTree = "<group>"; };
		3513802B284EECFA0082D813 /* NewsHeaderView.swift */ = {isa = PBXFileReference; lastKnownFileType = sourcecode.swift; path = NewsHeaderView.swift; sourceTree = "<group>"; };
		35138031284EF38D0082D813 /* NewsStoryTableViewCell.swift */ = {isa = PBXFileReference; lastKnownFileType = sourcecode.swift; path = NewsStoryTableViewCell.swift; sourceTree = "<group>"; };
		35138034284F30350082D813 /* NetworkManager.swift */ = {isa = PBXFileReference; lastKnownFileType = sourcecode.swift; path = NetworkManager.swift; sourceTree = "<group>"; };
		35138036284F303B0082D813 /* PersistanceManager.swift */ = {isa = PBXFileReference; lastKnownFileType = sourcecode.swift; path = PersistanceManager.swift; sourceTree = "<group>"; };
		35138038284F59D70082D813 /* WebSocketData.swift */ = {isa = PBXFileReference; lastKnownFileType = sourcecode.swift; path = WebSocketData.swift; sourceTree = "<group>"; };
		3513803A284F5A470082D813 /* NewsData.swift */ = {isa = PBXFileReference; lastKnownFileType = sourcecode.swift; path = NewsData.swift; sourceTree = "<group>"; };
		3513803C284F5ACE0082D813 /* WebsocketManager.swift */ = {isa = PBXFileReference; lastKnownFileType = sourcecode.swift; path = WebsocketManager.swift; sourceTree = "<group>"; };
		3513803E284F5CE50082D813 /* UrlConfigurable.swift */ = {isa = PBXFileReference; lastKnownFileType = sourcecode.swift; path = UrlConfigurable.swift; sourceTree = "<group>"; };
		35138043284F62740082D813 /* NewsRepository.swift */ = {isa = PBXFileReference; lastKnownFileType = sourcecode.swift; path = NewsRepository.swift; sourceTree = "<group>"; };
		351380462855CF620082D813 /* SearchRouter.swift */ = {isa = PBXFileReference; lastKnownFileType = sourcecode.swift; path = SearchRouter.swift; sourceTree = "<group>"; };
		351380472855CF620082D813 /* SearchViewController.swift */ = {isa = PBXFileReference; lastKnownFileType = sourcecode.swift; path = SearchViewController.swift; sourceTree = "<group>"; };
		351380482855CF620082D813 /* SearchBuilder.swift */ = {isa = PBXFileReference; lastKnownFileType = sourcecode.swift; path = SearchBuilder.swift; sourceTree = "<group>"; };
		351380492855CF620082D813 /* SearchInteractor.swift */ = {isa = PBXFileReference; lastKnownFileType = sourcecode.swift; path = SearchInteractor.swift; sourceTree = "<group>"; };
		351380572855D4DF0082D813 /* UIViewController+Utils.swift */ = {isa = PBXFileReference; lastKnownFileType = sourcecode.swift; path = "UIViewController+Utils.swift"; sourceTree = "<group>"; };
		351380592855DFBE0082D813 /* SearchView.swift */ = {isa = PBXFileReference; lastKnownFileType = sourcecode.swift; path = SearchView.swift; sourceTree = "<group>"; };
		3513805B2855DFD40082D813 /* SearchCell.swift */ = {isa = PBXFileReference; lastKnownFileType = sourcecode.swift; path = SearchCell.swift; sourceTree = "<group>"; };
		351380602855E19B0082D813 /* CryptoCandle.swift */ = {isa = PBXFileReference; lastKnownFileType = sourcecode.swift; path = CryptoCandle.swift; sourceTree = "<group>"; };
		356FF3EF29711822003BD4E8 /* ChartSwiftUIView.swift */ = {isa = PBXFileReference; lastKnownFileType = sourcecode.swift; path = ChartSwiftUIView.swift; sourceTree = "<group>"; };
		356FF3F72971C51C003BD4E8 /* PortfolioRouter.swift */ = {isa = PBXFileReference; lastKnownFileType = sourcecode.swift; path = PortfolioRouter.swift; sourceTree = "<group>"; };
		356FF3F82971C51C003BD4E8 /* PortfolioViewController.swift */ = {isa = PBXFileReference; lastKnownFileType = sourcecode.swift; path = PortfolioViewController.swift; sourceTree = "<group>"; };
		356FF3F92971C51C003BD4E8 /* PortfolioBuilder.swift */ = {isa = PBXFileReference; lastKnownFileType = sourcecode.swift; path = PortfolioBuilder.swift; sourceTree = "<group>"; };
		356FF3FA2971C51C003BD4E8 /* PortfolioInteractor.swift */ = {isa = PBXFileReference; lastKnownFileType = sourcecode.swift; path = PortfolioInteractor.swift; sourceTree = "<group>"; };
		357DCC82284BBBD200AA7570 /* iCoin.app */ = {isa = PBXFileReference; explicitFileType = wrapper.application; includeInIndex = 0; path = iCoin.app; sourceTree = BUILT_PRODUCTS_DIR; };
		357DCC85284BBBD200AA7570 /* AppDelegate.swift */ = {isa = PBXFileReference; lastKnownFileType = sourcecode.swift; path = AppDelegate.swift; sourceTree = "<group>"; };
		357DCC87284BBBD300AA7570 /* SceneDelegate.swift */ = {isa = PBXFileReference; lastKnownFileType = sourcecode.swift; path = SceneDelegate.swift; sourceTree = "<group>"; };
		357DCC8E284BBBD400AA7570 /* Assets.xcassets */ = {isa = PBXFileReference; lastKnownFileType = folder.assetcatalog; path = Assets.xcassets; sourceTree = "<group>"; };
		357DCC91284BBBD400AA7570 /* Base */ = {isa = PBXFileReference; lastKnownFileType = file.storyboard; name = Base; path = Base.lproj/LaunchScreen.storyboard; sourceTree = "<group>"; };
		357DCC93284BBBD400AA7570 /* Info.plist */ = {isa = PBXFileReference; lastKnownFileType = text.plist.xml; path = Info.plist; sourceTree = "<group>"; };
		357DCCA1284BBCCA00AA7570 /* AppRootRouter.swift */ = {isa = PBXFileReference; lastKnownFileType = sourcecode.swift; path = AppRootRouter.swift; sourceTree = "<group>"; };
		357DCCA2284BBCCA00AA7570 /* AppRootViewController.swift */ = {isa = PBXFileReference; lastKnownFileType = sourcecode.swift; path = AppRootViewController.swift; sourceTree = "<group>"; };
		357DCCA3284BBCCA00AA7570 /* AppRootBuilder.swift */ = {isa = PBXFileReference; lastKnownFileType = sourcecode.swift; path = AppRootBuilder.swift; sourceTree = "<group>"; };
		357DCCA4284BBCCA00AA7570 /* AppRootInteractor.swift */ = {isa = PBXFileReference; lastKnownFileType = sourcecode.swift; path = AppRootInteractor.swift; sourceTree = "<group>"; };
		357DCCAA284BD7F600AA7570 /* MainRouter.swift */ = {isa = PBXFileReference; lastKnownFileType = sourcecode.swift; path = MainRouter.swift; sourceTree = "<group>"; };
		357DCCAB284BD7F600AA7570 /* MainViewController.swift */ = {isa = PBXFileReference; lastKnownFileType = sourcecode.swift; path = MainViewController.swift; sourceTree = "<group>"; };
		357DCCAC284BD7F600AA7570 /* MainBuilder.swift */ = {isa = PBXFileReference; lastKnownFileType = sourcecode.swift; path = MainBuilder.swift; sourceTree = "<group>"; };
		357DCCAD284BD7F600AA7570 /* MainInteractor.swift */ = {isa = PBXFileReference; lastKnownFileType = sourcecode.swift; path = MainInteractor.swift; sourceTree = "<group>"; };
		357DCCB2284BDA4700AA7570 /* RIBs+Utils.swift */ = {isa = PBXFileReference; lastKnownFileType = sourcecode.swift; path = "RIBs+Utils.swift"; sourceTree = "<group>"; };
		357DCCB4284BE5C900AA7570 /* MainView.swift */ = {isa = PBXFileReference; lastKnownFileType = sourcecode.swift; path = MainView.swift; sourceTree = "<group>"; };
		357DCCBD284BE6A500AA7570 /* MenuBarView.swift */ = {isa = PBXFileReference; lastKnownFileType = sourcecode.swift; path = MenuBarView.swift; sourceTree = "<group>"; };
		357DCCBF284BE6CE00AA7570 /* UIView+Ext.swift */ = {isa = PBXFileReference; lastKnownFileType = sourcecode.swift; path = "UIView+Ext.swift"; sourceTree = "<group>"; };
		357DCCC1284BE73700AA7570 /* BaseView.swift */ = {isa = PBXFileReference; lastKnownFileType = sourcecode.swift; path = BaseView.swift; sourceTree = "<group>"; };
		357DCCC6284BEBCC00AA7570 /* WatchlistRouter.swift */ = {isa = PBXFileReference; lastKnownFileType = sourcecode.swift; path = WatchlistRouter.swift; sourceTree = "<group>"; };
		357DCCC7284BEBCC00AA7570 /* WatchlistViewController.swift */ = {isa = PBXFileReference; lastKnownFileType = sourcecode.swift; path = WatchlistViewController.swift; sourceTree = "<group>"; };
		357DCCC8284BEBCC00AA7570 /* WatchlistBuilder.swift */ = {isa = PBXFileReference; lastKnownFileType = sourcecode.swift; path = WatchlistBuilder.swift; sourceTree = "<group>"; };
		357DCCC9284BEBCC00AA7570 /* WatchlistInteractor.swift */ = {isa = PBXFileReference; lastKnownFileType = sourcecode.swift; path = WatchlistInteractor.swift; sourceTree = "<group>"; };
		357DCCCE284BEBE000AA7570 /* OpinionsRouter.swift */ = {isa = PBXFileReference; lastKnownFileType = sourcecode.swift; path = OpinionsRouter.swift; sourceTree = "<group>"; };
		357DCCCF284BEBE000AA7570 /* OpinionsViewController.swift */ = {isa = PBXFileReference; lastKnownFileType = sourcecode.swift; path = OpinionsViewController.swift; sourceTree = "<group>"; };
		357DCCD0284BEBE000AA7570 /* OpinionsBuilder.swift */ = {isa = PBXFileReference; lastKnownFileType = sourcecode.swift; path = OpinionsBuilder.swift; sourceTree = "<group>"; };
		357DCCD1284BEBE000AA7570 /* OpinionsInteractor.swift */ = {isa = PBXFileReference; lastKnownFileType = sourcecode.swift; path = OpinionsInteractor.swift; sourceTree = "<group>"; };
		357DCCD6284BEBF000AA7570 /* NewsRouter.swift */ = {isa = PBXFileReference; lastKnownFileType = sourcecode.swift; path = NewsRouter.swift; sourceTree = "<group>"; };
		357DCCD7284BEBF000AA7570 /* NewsViewController.swift */ = {isa = PBXFileReference; lastKnownFileType = sourcecode.swift; path = NewsViewController.swift; sourceTree = "<group>"; };
		357DCCD8284BEBF000AA7570 /* NewsBuilder.swift */ = {isa = PBXFileReference; lastKnownFileType = sourcecode.swift; path = NewsBuilder.swift; sourceTree = "<group>"; };
		357DCCD9284BEBF000AA7570 /* NewsInteractor.swift */ = {isa = PBXFileReference; lastKnownFileType = sourcecode.swift; path = NewsInteractor.swift; sourceTree = "<group>"; };
		357DCCDE284BF09100AA7570 /* MainViewCell.swift */ = {isa = PBXFileReference; lastKnownFileType = sourcecode.swift; path = MainViewCell.swift; sourceTree = "<group>"; };
		35C1623B29730F4F003FBA1B /* Decodable+Ext.swift */ = {isa = PBXFileReference; lastKnownFileType = sourcecode.swift; path = "Decodable+Ext.swift"; sourceTree = "<group>"; };
		35C1623D29730F6A003FBA1B /* UIColor+Ext.swift */ = {isa = PBXFileReference; lastKnownFileType = sourcecode.swift; path = "UIColor+Ext.swift"; sourceTree = "<group>"; };
		35C1624029756BAF003FBA1B /* WritingOpinionRouter.swift */ = {isa = PBXFileReference; lastKnownFileType = sourcecode.swift; path = WritingOpinionRouter.swift; sourceTree = "<group>"; };
		35C1624129756BAF003FBA1B /* WritingOpinionViewController.swift */ = {isa = PBXFileReference; lastKnownFileType = sourcecode.swift; path = WritingOpinionViewController.swift; sourceTree = "<group>"; };
		35C1624229756BAF003FBA1B /* WritingOpinionBuilder.swift */ = {isa = PBXFileReference; lastKnownFileType = sourcecode.swift; path = WritingOpinionBuilder.swift; sourceTree = "<group>"; };
		35C1624329756BAF003FBA1B /* WritingOpinionInteractor.swift */ = {isa = PBXFileReference; lastKnownFileType = sourcecode.swift; path = WritingOpinionInteractor.swift; sourceTree = "<group>"; };
		35C1624829756E78003FBA1B /* WritingOpinionView.swift */ = {isa = PBXFileReference; lastKnownFileType = sourcecode.swift; path = WritingOpinionView.swift; sourceTree = "<group>"; };
		35C1624B29757D41003FBA1B /* UITextField+Ext.swift */ = {isa = PBXFileReference; lastKnownFileType = sourcecode.swift; path = "UITextField+Ext.swift"; sourceTree = "<group>"; };
		35C1624D29757D74003FBA1B /* AdaptivePresentationControllerDelegateProxy.swift */ = {isa = PBXFileReference; lastKnownFileType = sourcecode.swift; path = AdaptivePresentationControllerDelegateProxy.swift; sourceTree = "<group>"; };
		35C1625129758026003FBA1B /* CaptionTextView.swift */ = {isa = PBXFileReference; lastKnownFileType = sourcecode.swift; path = CaptionTextView.swift; sourceTree = "<group>"; };
		35C162552975977A003FBA1B /* WatchlistRepository.swift */ = {isa = PBXFileReference; lastKnownFileType = sourcecode.swift; path = WatchlistRepository.swift; sourceTree = "<group>"; };
		35C1625729759A3E003FBA1B /* OpinionRepository.swift */ = {isa = PBXFileReference; lastKnownFileType = sourcecode.swift; path = OpinionRepository.swift; sourceTree = "<group>"; };
		35C1625929759AF4003FBA1B /* WritingOpinionRepository.swift */ = {isa = PBXFileReference; lastKnownFileType = sourcecode.swift; path = WritingOpinionRepository.swift; sourceTree = "<group>"; };
		35C1625B29759C50003FBA1B /* SearchRepository.swift */ = {isa = PBXFileReference; lastKnownFileType = sourcecode.swift; path = SearchRepository.swift; sourceTree = "<group>"; };
		35C1625D29759D82003FBA1B /* CoinDetailRepository.swift */ = {isa = PBXFileReference; lastKnownFileType = sourcecode.swift; path = CoinDetailRepository.swift; sourceTree = "<group>"; };
		35C1625F29759F25003FBA1B /* PortfolioRepository.swift */ = {isa = PBXFileReference; lastKnownFileType = sourcecode.swift; path = PortfolioRepository.swift; sourceTree = "<group>"; };
		35C1626129769F0B003FBA1B /* CoinDetailView.swift */ = {isa = PBXFileReference; lastKnownFileType = sourcecode.swift; path = CoinDetailView.swift; sourceTree = "<group>"; };
		35C162642976ADFF003FBA1B /* TabBarItemSettable.swift */ = {isa = PBXFileReference; lastKnownFileType = sourcecode.swift; path = TabBarItemSettable.swift; sourceTree = "<group>"; };
		35C162662976AE11003FBA1B /* ViewControllerLifeCycle.swift */ = {isa = PBXFileReference; lastKnownFileType = sourcecode.swift; path = ViewControllerLifeCycle.swift; sourceTree = "<group>"; };
		35C162682976B6C0003FBA1B /* CoinLabel.swift */ = {isa = PBXFileReference; lastKnownFileType = sourcecode.swift; path = CoinLabel.swift; sourceTree = "<group>"; };
		35C1626A2976B6CB003FBA1B /* CoinPriceLabel.swift */ = {isa = PBXFileReference; lastKnownFileType = sourcecode.swift; path = CoinPriceLabel.swift; sourceTree = "<group>"; };
		35C1626C2976B6D6003FBA1B /* CoinChartView.swift */ = {isa = PBXFileReference; lastKnownFileType = sourcecode.swift; path = CoinChartView.swift; sourceTree = "<group>"; };
		35C1626F2977E6B7003FBA1B /* CoinCapAssetResponse.swift */ = {isa = PBXFileReference; lastKnownFileType = sourcecode.swift; path = CoinCapAssetResponse.swift; sourceTree = "<group>"; };
		35C162712977E7B3003FBA1B /* CoinCapDetail.swift */ = {isa = PBXFileReference; lastKnownFileType = sourcecode.swift; path = CoinCapDetail.swift; sourceTree = "<group>"; };
		35C162732977FB29003FBA1B /* String+Ext.swift */ = {isa = PBXFileReference; lastKnownFileType = sourcecode.swift; path = "String+Ext.swift"; sourceTree = "<group>"; };
		35C16275297800AA003FBA1B /* CoinDetailMetaView.swift */ = {isa = PBXFileReference; lastKnownFileType = sourcecode.swift; path = CoinDetailMetaView.swift; sourceTree = "<group>"; };
		35C1627D297A9C89003FBA1B /* CoinChartData.swift */ = {isa = PBXFileReference; lastKnownFileType = sourcecode.swift; path = CoinChartData.swift; sourceTree = "<group>"; };
		35C1627F297B0646003FBA1B /* CoinDetailMetaInfoCell.swift */ = {isa = PBXFileReference; lastKnownFileType = sourcecode.swift; path = CoinDetailMetaInfoCell.swift; sourceTree = "<group>"; };
		35C16281297B0694003FBA1B /* CoinDetailMetaViewData.swift */ = {isa = PBXFileReference; lastKnownFileType = sourcecode.swift; path = CoinDetailMetaViewData.swift; sourceTree = "<group>"; };
		35C16283297B088B003FBA1B /* CoinPriceLabelData.swift */ = {isa = PBXFileReference; lastKnownFileType = sourcecode.swift; path = CoinPriceLabelData.swift; sourceTree = "<group>"; };
		35C16285297B0912003FBA1B /* CoinLabelData.swift */ = {isa = PBXFileReference; lastKnownFileType = sourcecode.swift; path = CoinLabelData.swift; sourceTree = "<group>"; };
		35C16287297C5366003FBA1B /* DateFormatter+Ext.swift */ = {isa = PBXFileReference; lastKnownFileType = sourcecode.swift; path = "DateFormatter+Ext.swift"; sourceTree = "<group>"; };
		35C16289297C537A003FBA1B /* NumberFormatter.swift */ = {isa = PBXFileReference; lastKnownFileType = sourcecode.swift; path = NumberFormatter.swift; sourceTree = "<group>"; };
		35C1628B297C5395003FBA1B /* NewsStory.swift */ = {isa = PBXFileReference; lastKnownFileType = sourcecode.swift; path = NewsStory.swift; sourceTree = "<group>"; };
		35D2AD762929E9B900E9F9B3 /* RootTabBarController.swift */ = {isa = PBXFileReference; lastKnownFileType = sourcecode.swift; path = RootTabBarController.swift; sourceTree = "<group>"; };
		35D2AD782929EA3600E9F9B3 /* AppRootView.swift */ = {isa = PBXFileReference; lastKnownFileType = sourcecode.swift; path = AppRootView.swift; sourceTree = "<group>"; };
/* End PBXFileReference section */

/* Begin PBXFrameworksBuildPhase section */
		357DCC7F284BBBD200AA7570 /* Frameworks */ = {
			isa = PBXFrameworksBuildPhase;
			buildActionMask = 2147483647;
			files = (
				350F692C2969E9CC001F37D3 /* FirebaseDatabaseSwift in Frameworks */,
				357DCCBC284BE64F00AA7570 /* CombineCocoa in Frameworks */,
				35C9716F28FC0AAD00079B03 /* FloatingPanel in Frameworks */,
				350F69242969E9CC001F37D3 /* FirebaseAnalytics in Frameworks */,
				3513802F284EED270082D813 /* SDWebImage in Frameworks */,
				350F69122965BADF001F37D3 /* Starscream in Frameworks */,
				350F69262969E9CC001F37D3 /* FirebaseAuth in Frameworks */,
				350F692A2969E9CC001F37D3 /* FirebaseDatabase in Frameworks */,
				35C1627C297A8F59003FBA1B /* StockCharts in Frameworks */,
				357DCCB9284BE64200AA7570 /* ModernRIBs in Frameworks */,
				350F69302969E9CC001F37D3 /* FirebaseFirestoreCombine-Community in Frameworks */,
				350F692E2969E9CC001F37D3 /* FirebaseFirestore in Frameworks */,
				350F69282969E9CC001F37D3 /* FirebaseAuthCombine-Community in Frameworks */,
			);
			runOnlyForDeploymentPostprocessing = 0;
		};
/* End PBXFrameworksBuildPhase section */

/* Begin PBXGroup section */
		35020270296B1F3B00CEB6B1 /* View */ = {
			isa = PBXGroup;
			children = (
				3502026C296B1F0100CEB6B1 /* OpinionsView.swift */,
				3502026E296B1F2200CEB6B1 /* CommentTableViewCell.swift */,
			);
			path = View;
			sourceTree = "<group>";
		};
		350F69152968864E001F37D3 /* CoinDetail */ = {
			isa = PBXGroup;
			children = (
				350F691829688671001F37D3 /* CoinDetailBuilder.swift */,
				350F691629688671001F37D3 /* CoinDetailRouter.swift */,
				350F691929688671001F37D3 /* CoinDetailInteractor.swift */,
				350F691729688671001F37D3 /* CoinDetailViewController.swift */,
				35C1626329769F77003FBA1B /* View */,
			);
			path = CoinDetail;
			sourceTree = "<group>";
		};
		3513801A284D14590082D813 /* Model */ = {
			isa = PBXGroup;
			children = (
				35C16281297B0694003FBA1B /* CoinDetailMetaViewData.swift */,
				3513803A284F5A470082D813 /* NewsData.swift */,
				35138038284F59D70082D813 /* WebSocketData.swift */,
				35138018284D0C480082D813 /* WatchlistItemModel.swift */,
				35138021284D19180082D813 /* Quote.swift */,
				35138023284D192A0082D813 /* CandleStick.swift */,
				351380602855E19B0082D813 /* CryptoCandle.swift */,
				3502026A296B1EBA00CEB6B1 /* PostContent.swift */,
				35C162662976AE11003FBA1B /* ViewControllerLifeCycle.swift */,
				35C1626F2977E6B7003FBA1B /* CoinCapAssetResponse.swift */,
				35C162712977E7B3003FBA1B /* CoinCapDetail.swift */,
				35C1627D297A9C89003FBA1B /* CoinChartData.swift */,
				35C16283297B088B003FBA1B /* CoinPriceLabelData.swift */,
				35C16285297B0912003FBA1B /* CoinLabelData.swift */,
				35C1628B297C5395003FBA1B /* NewsStory.swift */,
			);
			path = Model;
			sourceTree = "<group>";
		};
		3513801B284D14650082D813 /* View */ = {
			isa = PBXGroup;
			children = (
				35138014284D019E0082D813 /* WatchlistView.swift */,
				35138016284D034B0082D813 /* WatchlistItemCell.swift */,
			);
			path = View;
			sourceTree = "<group>";
		};
		3513801C284D15690082D813 /* Base */ = {
			isa = PBXGroup;
			children = (
				357DCCC1284BE73700AA7570 /* BaseView.swift */,
			);
			path = Base;
			sourceTree = "<group>";
		};
		3513801D284D15700082D813 /* Helper */ = {
			isa = PBXGroup;
			children = (
				35C1624D29757D74003FBA1B /* AdaptivePresentationControllerDelegateProxy.swift */,
				357DCCB2284BDA4700AA7570 /* RIBs+Utils.swift */,
				357DCCBF284BE6CE00AA7570 /* UIView+Ext.swift */,
				35C1623D29730F6A003FBA1B /* UIColor+Ext.swift */,
				35C1623B29730F4F003FBA1B /* Decodable+Ext.swift */,
				351380572855D4DF0082D813 /* UIViewController+Utils.swift */,
				35C1624B29757D41003FBA1B /* UITextField+Ext.swift */,
				35C162642976ADFF003FBA1B /* TabBarItemSettable.swift */,
				35C162732977FB29003FBA1B /* String+Ext.swift */,
				35C16287297C5366003FBA1B /* DateFormatter+Ext.swift */,
				35C16289297C537A003FBA1B /* NumberFormatter.swift */,
			);
			path = Helper;
			sourceTree = "<group>";
		};
		3513801E284D15840082D813 /* Core */ = {
			isa = PBXGroup;
			children = (
				357DCCA9284BD6A500AA7570 /* Main */,
				356FF3F62971C4F1003BD4E8 /* Portfolio */,
				357DCCC3284BEB8D00AA7570 /* Watchlist */,
				357DCCC4284BEB9800AA7570 /* Opinions */,
				357DCCC5284BEBA000AA7570 /* News */,
				35C1623F29756B8C003FBA1B /* WritingOpinion */,
				3513804E2855CF680082D813 /* Search */,
				350F69152968864E001F37D3 /* CoinDetail */,
			);
			path = Core;
			sourceTree = "<group>";
		};
		35138030284EED5E0082D813 /* View */ = {
			isa = PBXGroup;
			children = (
				3513802B284EECFA0082D813 /* NewsHeaderView.swift */,
				35138031284EF38D0082D813 /* NewsStoryTableViewCell.swift */,
			);
			path = View;
			sourceTree = "<group>";
		};
		35138033284F30280082D813 /* Manager */ = {
			isa = PBXGroup;
			children = (
				3513803E284F5CE50082D813 /* UrlConfigurable.swift */,
				35138034284F30350082D813 /* NetworkManager.swift */,
				350F69332969ED56001F37D3 /* FirebaseManager.swift */,
				3513803C284F5ACE0082D813 /* WebsocketManager.swift */,
				35138036284F303B0082D813 /* PersistanceManager.swift */,
			);
			path = Manager;
			sourceTree = "<group>";
		};
		35138040284F62590082D813 /* Repository */ = {
			isa = PBXGroup;
			children = (
				35C162552975977A003FBA1B /* WatchlistRepository.swift */,
				35C1625729759A3E003FBA1B /* OpinionRepository.swift */,
				35138043284F62740082D813 /* NewsRepository.swift */,
				35C1625B29759C50003FBA1B /* SearchRepository.swift */,
				35C1625929759AF4003FBA1B /* WritingOpinionRepository.swift */,
				35C1625F29759F25003FBA1B /* PortfolioRepository.swift */,
				35C1625D29759D82003FBA1B /* CoinDetailRepository.swift */,
			);
			path = Repository;
			sourceTree = "<group>";
		};
		351380452851F3D10082D813 /* Cells */ = {
			isa = PBXGroup;
			children = (
				357DCCDE284BF09100AA7570 /* MainViewCell.swift */,
			);
			path = Cells;
			sourceTree = "<group>";
		};
		3513804E2855CF680082D813 /* Search */ = {
			isa = PBXGroup;
			children = (
				351380482855CF620082D813 /* SearchBuilder.swift */,
				351380462855CF620082D813 /* SearchRouter.swift */,
				351380492855CF620082D813 /* SearchInteractor.swift */,
				351380472855CF620082D813 /* SearchViewController.swift */,
				3513805F2855E11A0082D813 /* View */,
			);
			path = Search;
			sourceTree = "<group>";
		};
		3513805F2855E11A0082D813 /* View */ = {
			isa = PBXGroup;
			children = (
				351380592855DFBE0082D813 /* SearchView.swift */,
				3513805B2855DFD40082D813 /* SearchCell.swift */,
			);
			path = View;
			sourceTree = "<group>";
		};
		356FF3F62971C4F1003BD4E8 /* Portfolio */ = {
			isa = PBXGroup;
			children = (
				356FF3F92971C51C003BD4E8 /* PortfolioBuilder.swift */,
				356FF3F72971C51C003BD4E8 /* PortfolioRouter.swift */,
				356FF3FA2971C51C003BD4E8 /* PortfolioInteractor.swift */,
				356FF3F82971C51C003BD4E8 /* PortfolioViewController.swift */,
			);
			path = Portfolio;
			sourceTree = "<group>";
		};
		357DCC79284BBBD200AA7570 = {
			isa = PBXGroup;
			children = (
				357DCC84284BBBD200AA7570 /* iCoin */,
				357DCC83284BBBD200AA7570 /* Products */,
			);
			sourceTree = "<group>";
		};
		357DCC83284BBBD200AA7570 /* Products */ = {
			isa = PBXGroup;
			children = (
				357DCC82284BBBD200AA7570 /* iCoin.app */,
			);
			name = Products;
			sourceTree = "<group>";
		};
		357DCC84284BBBD200AA7570 /* iCoin */ = {
			isa = PBXGroup;
			children = (
				35138040284F62590082D813 /* Repository */,
				35138033284F30280082D813 /* Manager */,
				3513801A284D14590082D813 /* Model */,
				357DCC9F284BBC4300AA7570 /* AppDelegate */,
				357DCCA0284BBCAC00AA7570 /* AppRoot */,
				3513801E284D15840082D813 /* Core */,
				3513801D284D15700082D813 /* Helper */,
				3513801C284D15690082D813 /* Base */,
				357DCC8E284BBBD400AA7570 /* Assets.xcassets */,
				357DCC90284BBBD400AA7570 /* LaunchScreen.storyboard */,
				357DCC93284BBBD400AA7570 /* Info.plist */,
				350F69312969EB2A001F37D3 /* GoogleService-Info.plist */,
			);
			path = iCoin;
			sourceTree = "<group>";
		};
		357DCC9F284BBC4300AA7570 /* AppDelegate */ = {
			isa = PBXGroup;
			children = (
				357DCC85284BBBD200AA7570 /* AppDelegate.swift */,
				357DCC87284BBBD300AA7570 /* SceneDelegate.swift */,
			);
			path = AppDelegate;
			sourceTree = "<group>";
		};
		357DCCA0284BBCAC00AA7570 /* AppRoot */ = {
			isa = PBXGroup;
			children = (
				357DCCA3284BBCCA00AA7570 /* AppRootBuilder.swift */,
				357DCCA1284BBCCA00AA7570 /* AppRootRouter.swift */,
				357DCCA4284BBCCA00AA7570 /* AppRootInteractor.swift */,
				35D2AD762929E9B900E9F9B3 /* RootTabBarController.swift */,
				357DCCA2284BBCCA00AA7570 /* AppRootViewController.swift */,
				35D2AD782929EA3600E9F9B3 /* AppRootView.swift */,
			);
			path = AppRoot;
			sourceTree = "<group>";
		};
		357DCCA9284BD6A500AA7570 /* Main */ = {
			isa = PBXGroup;
			children = (
				357DCCAC284BD7F600AA7570 /* MainBuilder.swift */,
				357DCCAA284BD7F600AA7570 /* MainRouter.swift */,
				357DCCAD284BD7F600AA7570 /* MainInteractor.swift */,
				357DCCAB284BD7F600AA7570 /* MainViewController.swift */,
				357DCCB6284BE5DA00AA7570 /* View */,
			);
			path = Main;
			sourceTree = "<group>";
		};
		357DCCB6284BE5DA00AA7570 /* View */ = {
			isa = PBXGroup;
			children = (
				357DCCB4284BE5C900AA7570 /* MainView.swift */,
				357DCCBD284BE6A500AA7570 /* MenuBarView.swift */,
				35138026284E47380082D813 /* MenuBarButton.swift */,
				351380452851F3D10082D813 /* Cells */,
			);
			path = View;
			sourceTree = "<group>";
		};
		357DCCC3284BEB8D00AA7570 /* Watchlist */ = {
			isa = PBXGroup;
			children = (
				357DCCC8284BEBCC00AA7570 /* WatchlistBuilder.swift */,
				357DCCC6284BEBCC00AA7570 /* WatchlistRouter.swift */,
				357DCCC9284BEBCC00AA7570 /* WatchlistInteractor.swift */,
				357DCCC7284BEBCC00AA7570 /* WatchlistViewController.swift */,
				3513801F284D17F90082D813 /* TableViewDiffableDataSource.swift */,
				3513801B284D14650082D813 /* View */,
			);
			path = Watchlist;
			sourceTree = "<group>";
		};
		357DCCC4284BEB9800AA7570 /* Opinions */ = {
			isa = PBXGroup;
			children = (
				357DCCD0284BEBE000AA7570 /* OpinionsBuilder.swift */,
				357DCCCE284BEBE000AA7570 /* OpinionsRouter.swift */,
				357DCCD1284BEBE000AA7570 /* OpinionsInteractor.swift */,
				357DCCCF284BEBE000AA7570 /* OpinionsViewController.swift */,
				35020270296B1F3B00CEB6B1 /* View */,
			);
			path = Opinions;
			sourceTree = "<group>";
		};
		357DCCC5284BEBA000AA7570 /* News */ = {
			isa = PBXGroup;
			children = (
				357DCCD8284BEBF000AA7570 /* NewsBuilder.swift */,
				357DCCD6284BEBF000AA7570 /* NewsRouter.swift */,
				357DCCD9284BEBF000AA7570 /* NewsInteractor.swift */,
				357DCCD7284BEBF000AA7570 /* NewsViewController.swift */,
				35138030284EED5E0082D813 /* View */,
			);
			path = News;
			sourceTree = "<group>";
		};
		35C1623F29756B8C003FBA1B /* WritingOpinion */ = {
			isa = PBXGroup;
			children = (
				35C1624229756BAF003FBA1B /* WritingOpinionBuilder.swift */,
				35C1624029756BAF003FBA1B /* WritingOpinionRouter.swift */,
				35C1624329756BAF003FBA1B /* WritingOpinionInteractor.swift */,
				35C1624129756BAF003FBA1B /* WritingOpinionViewController.swift */,
				35C1624A29757772003FBA1B /* View */,
			);
			path = WritingOpinion;
			sourceTree = "<group>";
		};
		35C1624A29757772003FBA1B /* View */ = {
			isa = PBXGroup;
			children = (
				35C1624829756E78003FBA1B /* WritingOpinionView.swift */,
				35C1625129758026003FBA1B /* CaptionTextView.swift */,
			);
			path = View;
			sourceTree = "<group>";
		};
		35C1626329769F77003FBA1B /* View */ = {
			isa = PBXGroup;
			children = (
				35C1626129769F0B003FBA1B /* CoinDetailView.swift */,
				35C1626E2977E2F6003FBA1B /* SubComponents */,
			);
			path = View;
			sourceTree = "<group>";
		};
		35C1626E2977E2F6003FBA1B /* SubComponents */ = {
			isa = PBXGroup;
			children = (
				35C162682976B6C0003FBA1B /* CoinLabel.swift */,
				35C1626A2976B6CB003FBA1B /* CoinPriceLabel.swift */,
				35C1626C2976B6D6003FBA1B /* CoinChartView.swift */,
				356FF3EF29711822003BD4E8 /* ChartSwiftUIView.swift */,
				35C16275297800AA003FBA1B /* CoinDetailMetaView.swift */,
				35C1627F297B0646003FBA1B /* CoinDetailMetaInfoCell.swift */,
			);
			path = SubComponents;
			sourceTree = "<group>";
		};
/* End PBXGroup section */

/* Begin PBXNativeTarget section */
		357DCC81284BBBD200AA7570 /* iCoin */ = {
			isa = PBXNativeTarget;
			buildConfigurationList = 357DCC96284BBBD400AA7570 /* Build configuration list for PBXNativeTarget "iCoin" */;
			buildPhases = (
				357DCC7E284BBBD200AA7570 /* Sources */,
				357DCC7F284BBBD200AA7570 /* Frameworks */,
				357DCC80284BBBD200AA7570 /* Resources */,
			);
			buildRules = (
			);
			dependencies = (
			);
			name = iCoin;
			packageProductDependencies = (
				357DCCB8284BE64200AA7570 /* ModernRIBs */,
				357DCCBB284BE64F00AA7570 /* CombineCocoa */,
				3513802E284EED270082D813 /* SDWebImage */,
				35C9716E28FC0AAD00079B03 /* FloatingPanel */,
				350F69112965BADF001F37D3 /* Starscream */,
				350F69232969E9CC001F37D3 /* FirebaseAnalytics */,
				350F69252969E9CC001F37D3 /* FirebaseAuth */,
				350F69272969E9CC001F37D3 /* FirebaseAuthCombine-Community */,
				350F69292969E9CC001F37D3 /* FirebaseDatabase */,
				350F692B2969E9CC001F37D3 /* FirebaseDatabaseSwift */,
				350F692D2969E9CC001F37D3 /* FirebaseFirestore */,
				350F692F2969E9CC001F37D3 /* FirebaseFirestoreCombine-Community */,
				35C1627B297A8F59003FBA1B /* StockCharts */,
			);
			productName = iCoin;
			productReference = 357DCC82284BBBD200AA7570 /* iCoin.app */;
			productType = "com.apple.product-type.application";
		};
/* End PBXNativeTarget section */

/* Begin PBXProject section */
		357DCC7A284BBBD200AA7570 /* Project object */ = {
			isa = PBXProject;
			attributes = {
				BuildIndependentTargetsInParallel = 1;
				LastSwiftUpdateCheck = 1340;
				LastUpgradeCheck = 1340;
				TargetAttributes = {
					357DCC81284BBBD200AA7570 = {
						CreatedOnToolsVersion = 13.4.1;
					};
				};
			};
			buildConfigurationList = 357DCC7D284BBBD200AA7570 /* Build configuration list for PBXProject "iCoin" */;
			compatibilityVersion = "Xcode 13.0";
			developmentRegion = en;
			hasScannedForEncodings = 0;
			knownRegions = (
				en,
				Base,
			);
			mainGroup = 357DCC79284BBBD200AA7570;
			packageReferences = (
				357DCCB7284BE64200AA7570 /* XCRemoteSwiftPackageReference "ModernRIBs" */,
				357DCCBA284BE64F00AA7570 /* XCRemoteSwiftPackageReference "CombineCocoa" */,
				3513802D284EED270082D813 /* XCRemoteSwiftPackageReference "SDWebImage" */,
				35C9716D28FC0AAD00079B03 /* XCRemoteSwiftPackageReference "FloatingPanel" */,
				350F69102965BADF001F37D3 /* XCRemoteSwiftPackageReference "Starscream" */,
				350F69222969E9CC001F37D3 /* XCRemoteSwiftPackageReference "firebase-ios-sdk" */,
				35C1627A297A8F58003FBA1B /* XCRemoteSwiftPackageReference "stock-charts" */,
			);
			productRefGroup = 357DCC83284BBBD200AA7570 /* Products */;
			projectDirPath = "";
			projectRoot = "";
			targets = (
				357DCC81284BBBD200AA7570 /* iCoin */,
			);
		};
/* End PBXProject section */

/* Begin PBXResourcesBuildPhase section */
		357DCC80284BBBD200AA7570 /* Resources */ = {
			isa = PBXResourcesBuildPhase;
			buildActionMask = 2147483647;
			files = (
				357DCC92284BBBD400AA7570 /* LaunchScreen.storyboard in Resources */,
				357DCC8F284BBBD400AA7570 /* Assets.xcassets in Resources */,
				350F69322969EB2A001F37D3 /* GoogleService-Info.plist in Resources */,
			);
			runOnlyForDeploymentPostprocessing = 0;
		};
/* End PBXResourcesBuildPhase section */

/* Begin PBXSourcesBuildPhase section */
		357DCC7E284BBBD200AA7570 /* Sources */ = {
			isa = PBXSourcesBuildPhase;
			buildActionMask = 2147483647;
			files = (
				357DCCDC284BEBF000AA7570 /* NewsBuilder.swift in Sources */,
				3513804A2855CF630082D813 /* SearchRouter.swift in Sources */,
				35C162742977FB29003FBA1B /* String+Ext.swift in Sources */,
				35C16282297B0694003FBA1B /* CoinDetailMetaViewData.swift in Sources */,
				35C1624529756BAF003FBA1B /* WritingOpinionViewController.swift in Sources */,
				351380582855D4DF0082D813 /* UIViewController+Utils.swift in Sources */,
				35C1624729756BAF003FBA1B /* WritingOpinionInteractor.swift in Sources */,
				357DCCA7284BBCCA00AA7570 /* AppRootBuilder.swift in Sources */,
				3513802C284EECFA0082D813 /* NewsHeaderView.swift in Sources */,
				35138035284F30350082D813 /* NetworkManager.swift in Sources */,
				35138020284D17F90082D813 /* TableViewDiffableDataSource.swift in Sources */,
				35C162702977E6B7003FBA1B /* CoinCapAssetResponse.swift in Sources */,
				357DCCDA284BEBF000AA7570 /* NewsRouter.swift in Sources */,
				3513805A2855DFBE0082D813 /* SearchView.swift in Sources */,
				351380612855E19B0082D813 /* CryptoCandle.swift in Sources */,
				356FF3FB2971C51C003BD4E8 /* PortfolioRouter.swift in Sources */,
				357DCCBE284BE6A500AA7570 /* MenuBarView.swift in Sources */,
				35138024284D192A0082D813 /* CandleStick.swift in Sources */,
				35C1623E29730F6A003FBA1B /* UIColor+Ext.swift in Sources */,
				350F691A29688671001F37D3 /* CoinDetailRouter.swift in Sources */,
				357DCCDB284BEBF000AA7570 /* NewsViewController.swift in Sources */,
				35C1628A297C537A003FBA1B /* NumberFormatter.swift in Sources */,
				350F69342969ED56001F37D3 /* FirebaseManager.swift in Sources */,
				357DCCB5284BE5C900AA7570 /* MainView.swift in Sources */,
				35138039284F59D70082D813 /* WebSocketData.swift in Sources */,
				35C1624429756BAF003FBA1B /* WritingOpinionRouter.swift in Sources */,
				35138019284D0C480082D813 /* WatchlistItemModel.swift in Sources */,
				3502026D296B1F0100CEB6B1 /* OpinionsView.swift in Sources */,
				350F691B29688671001F37D3 /* CoinDetailViewController.swift in Sources */,
				35C162652976ADFF003FBA1B /* TabBarItemSettable.swift in Sources */,
				3513803F284F5CE50082D813 /* UrlConfigurable.swift in Sources */,
				357DCCAE284BD7F600AA7570 /* MainRouter.swift in Sources */,
				357DCCCA284BEBCC00AA7570 /* WatchlistRouter.swift in Sources */,
				35C162672976AE11003FBA1B /* ViewControllerLifeCycle.swift in Sources */,
				35138044284F62740082D813 /* NewsRepository.swift in Sources */,
				357DCC86284BBBD200AA7570 /* AppDelegate.swift in Sources */,
				35C1626D2976B6D6003FBA1B /* CoinChartView.swift in Sources */,
				357DCCD3284BEBE000AA7570 /* OpinionsViewController.swift in Sources */,
				35C16280297B0646003FBA1B /* CoinDetailMetaInfoCell.swift in Sources */,
				35138037284F303B0082D813 /* PersistanceManager.swift in Sources */,
				35C1625829759A3E003FBA1B /* OpinionRepository.swift in Sources */,
				35C16286297B0912003FBA1B /* CoinLabelData.swift in Sources */,
				35138015284D019E0082D813 /* WatchlistView.swift in Sources */,
				35C1626B2976B6CB003FBA1B /* CoinPriceLabel.swift in Sources */,
				357DCCB1284BD7F600AA7570 /* MainInteractor.swift in Sources */,
				35138032284EF38D0082D813 /* NewsStoryTableViewCell.swift in Sources */,
				35D2AD772929E9B900E9F9B3 /* RootTabBarController.swift in Sources */,
				3513803B284F5A470082D813 /* NewsData.swift in Sources */,
				35C16288297C5366003FBA1B /* DateFormatter+Ext.swift in Sources */,
				35C1625A29759AF4003FBA1B /* WritingOpinionRepository.swift in Sources */,
				35C1626029759F25003FBA1B /* PortfolioRepository.swift in Sources */,
				357DCCD2284BEBE000AA7570 /* OpinionsRouter.swift in Sources */,
				3513805C2855DFD40082D813 /* SearchCell.swift in Sources */,
				35138027284E47380082D813 /* MenuBarButton.swift in Sources */,
				35C1624629756BAF003FBA1B /* WritingOpinionBuilder.swift in Sources */,
				357DCCA8284BBCCA00AA7570 /* AppRootInteractor.swift in Sources */,
				35138017284D034B0082D813 /* WatchlistItemCell.swift in Sources */,
				357DCCD5284BEBE000AA7570 /* OpinionsInteractor.swift in Sources */,
				357DCCDD284BEBF000AA7570 /* NewsInteractor.swift in Sources */,
				350F691C29688671001F37D3 /* CoinDetailBuilder.swift in Sources */,
				3513804C2855CF630082D813 /* SearchBuilder.swift in Sources */,
				356FF3FC2971C51C003BD4E8 /* PortfolioViewController.swift in Sources */,
				35C1624C29757D41003FBA1B /* UITextField+Ext.swift in Sources */,
				357DCC88284BBBD300AA7570 /* SceneDelegate.swift in Sources */,
				35C1625C29759C50003FBA1B /* SearchRepository.swift in Sources */,
				35C1625229758026003FBA1B /* CaptionTextView.swift in Sources */,
				356FF3FE2971C51C003BD4E8 /* PortfolioInteractor.swift in Sources */,
				356FF3FD2971C51C003BD4E8 /* PortfolioBuilder.swift in Sources */,
				3513804D2855CF630082D813 /* SearchInteractor.swift in Sources */,
				357DCCB0284BD7F600AA7570 /* MainBuilder.swift in Sources */,
				35C1627E297A9C89003FBA1B /* CoinChartData.swift in Sources */,
				357DCCA6284BBCCA00AA7570 /* AppRootViewController.swift in Sources */,
				35C16276297800AA003FBA1B /* CoinDetailMetaView.swift in Sources */,
				35C1626229769F0B003FBA1B /* CoinDetailView.swift in Sources */,
				357DCCA5284BBCCA00AA7570 /* AppRootRouter.swift in Sources */,
				35C1623C29730F4F003FBA1B /* Decodable+Ext.swift in Sources */,
				357DCCD4284BEBE000AA7570 /* OpinionsBuilder.swift in Sources */,
				357DCCCD284BEBCC00AA7570 /* WatchlistInteractor.swift in Sources */,
				3513803D284F5ACE0082D813 /* WebsocketManager.swift in Sources */,
				35C162692976B6C0003FBA1B /* CoinLabel.swift in Sources */,
				35C1624929756E78003FBA1B /* WritingOpinionView.swift in Sources */,
				357DCCDF284BF09100AA7570 /* MainViewCell.swift in Sources */,
				35C162722977E7B3003FBA1B /* CoinCapDetail.swift in Sources */,
				357DCCB3284BDA4700AA7570 /* RIBs+Utils.swift in Sources */,
				35138022284D19180082D813 /* Quote.swift in Sources */,
				35C16284297B088B003FBA1B /* CoinPriceLabelData.swift in Sources */,
				35C1628C297C5395003FBA1B /* NewsStory.swift in Sources */,
				3513804B2855CF630082D813 /* SearchViewController.swift in Sources */,
				35C1625E29759D82003FBA1B /* CoinDetailRepository.swift in Sources */,
				35D2AD792929EA3600E9F9B3 /* AppRootView.swift in Sources */,
				357DCCCB284BEBCC00AA7570 /* WatchlistViewController.swift in Sources */,
				357DCCC2284BE73700AA7570 /* BaseView.swift in Sources */,
				3502026B296B1EBA00CEB6B1 /* PostContent.swift in Sources */,
				35C1624E29757D74003FBA1B /* AdaptivePresentationControllerDelegateProxy.swift in Sources */,
				356FF3F029711822003BD4E8 /* ChartSwiftUIView.swift in Sources */,
				3502026F296B1F2200CEB6B1 /* CommentTableViewCell.swift in Sources */,
				350F691D29688671001F37D3 /* CoinDetailInteractor.swift in Sources */,
				357DCCAF284BD7F600AA7570 /* MainViewController.swift in Sources */,
				35C162562975977A003FBA1B /* WatchlistRepository.swift in Sources */,
				357DCCC0284BE6CE00AA7570 /* UIView+Ext.swift in Sources */,
				357DCCCC284BEBCC00AA7570 /* WatchlistBuilder.swift in Sources */,
			);
			runOnlyForDeploymentPostprocessing = 0;
		};
/* End PBXSourcesBuildPhase section */

/* Begin PBXVariantGroup section */
		357DCC90284BBBD400AA7570 /* LaunchScreen.storyboard */ = {
			isa = PBXVariantGroup;
			children = (
				357DCC91284BBBD400AA7570 /* Base */,
			);
			name = LaunchScreen.storyboard;
			sourceTree = "<group>";
		};
/* End PBXVariantGroup section */

/* Begin XCBuildConfiguration section */
		357DCC94284BBBD400AA7570 /* Debug */ = {
			isa = XCBuildConfiguration;
			buildSettings = {
				ALWAYS_SEARCH_USER_PATHS = NO;
				CLANG_ANALYZER_NONNULL = YES;
				CLANG_ANALYZER_NUMBER_OBJECT_CONVERSION = YES_AGGRESSIVE;
				CLANG_CXX_LANGUAGE_STANDARD = "gnu++17";
				CLANG_ENABLE_MODULES = YES;
				CLANG_ENABLE_OBJC_ARC = YES;
				CLANG_ENABLE_OBJC_WEAK = YES;
				CLANG_WARN_BLOCK_CAPTURE_AUTORELEASING = YES;
				CLANG_WARN_BOOL_CONVERSION = YES;
				CLANG_WARN_COMMA = YES;
				CLANG_WARN_CONSTANT_CONVERSION = YES;
				CLANG_WARN_DEPRECATED_OBJC_IMPLEMENTATIONS = YES;
				CLANG_WARN_DIRECT_OBJC_ISA_USAGE = YES_ERROR;
				CLANG_WARN_DOCUMENTATION_COMMENTS = YES;
				CLANG_WARN_EMPTY_BODY = YES;
				CLANG_WARN_ENUM_CONVERSION = YES;
				CLANG_WARN_INFINITE_RECURSION = YES;
				CLANG_WARN_INT_CONVERSION = YES;
				CLANG_WARN_NON_LITERAL_NULL_CONVERSION = YES;
				CLANG_WARN_OBJC_IMPLICIT_RETAIN_SELF = YES;
				CLANG_WARN_OBJC_LITERAL_CONVERSION = YES;
				CLANG_WARN_OBJC_ROOT_CLASS = YES_ERROR;
				CLANG_WARN_QUOTED_INCLUDE_IN_FRAMEWORK_HEADER = YES;
				CLANG_WARN_RANGE_LOOP_ANALYSIS = YES;
				CLANG_WARN_STRICT_PROTOTYPES = YES;
				CLANG_WARN_SUSPICIOUS_MOVE = YES;
				CLANG_WARN_UNGUARDED_AVAILABILITY = YES_AGGRESSIVE;
				CLANG_WARN_UNREACHABLE_CODE = YES;
				CLANG_WARN__DUPLICATE_METHOD_MATCH = YES;
				COPY_PHASE_STRIP = NO;
				DEBUG_INFORMATION_FORMAT = dwarf;
				ENABLE_STRICT_OBJC_MSGSEND = YES;
				ENABLE_TESTABILITY = YES;
				GCC_C_LANGUAGE_STANDARD = gnu11;
				GCC_DYNAMIC_NO_PIC = NO;
				GCC_NO_COMMON_BLOCKS = YES;
				GCC_OPTIMIZATION_LEVEL = 0;
				GCC_PREPROCESSOR_DEFINITIONS = (
					"DEBUG=1",
					"$(inherited)",
				);
				GCC_WARN_64_TO_32_BIT_CONVERSION = YES;
				GCC_WARN_ABOUT_RETURN_TYPE = YES_ERROR;
				GCC_WARN_UNDECLARED_SELECTOR = YES;
				GCC_WARN_UNINITIALIZED_AUTOS = YES_AGGRESSIVE;
				GCC_WARN_UNUSED_FUNCTION = YES;
				GCC_WARN_UNUSED_VARIABLE = YES;
				IPHONEOS_DEPLOYMENT_TARGET = 15.0;
				MTL_ENABLE_DEBUG_INFO = INCLUDE_SOURCE;
				MTL_FAST_MATH = YES;
				ONLY_ACTIVE_ARCH = YES;
				SDKROOT = iphoneos;
				SWIFT_ACTIVE_COMPILATION_CONDITIONS = DEBUG;
				SWIFT_OPTIMIZATION_LEVEL = "-Onone";
			};
			name = Debug;
		};
		357DCC95284BBBD400AA7570 /* Release */ = {
			isa = XCBuildConfiguration;
			buildSettings = {
				ALWAYS_SEARCH_USER_PATHS = NO;
				CLANG_ANALYZER_NONNULL = YES;
				CLANG_ANALYZER_NUMBER_OBJECT_CONVERSION = YES_AGGRESSIVE;
				CLANG_CXX_LANGUAGE_STANDARD = "gnu++17";
				CLANG_ENABLE_MODULES = YES;
				CLANG_ENABLE_OBJC_ARC = YES;
				CLANG_ENABLE_OBJC_WEAK = YES;
				CLANG_WARN_BLOCK_CAPTURE_AUTORELEASING = YES;
				CLANG_WARN_BOOL_CONVERSION = YES;
				CLANG_WARN_COMMA = YES;
				CLANG_WARN_CONSTANT_CONVERSION = YES;
				CLANG_WARN_DEPRECATED_OBJC_IMPLEMENTATIONS = YES;
				CLANG_WARN_DIRECT_OBJC_ISA_USAGE = YES_ERROR;
				CLANG_WARN_DOCUMENTATION_COMMENTS = YES;
				CLANG_WARN_EMPTY_BODY = YES;
				CLANG_WARN_ENUM_CONVERSION = YES;
				CLANG_WARN_INFINITE_RECURSION = YES;
				CLANG_WARN_INT_CONVERSION = YES;
				CLANG_WARN_NON_LITERAL_NULL_CONVERSION = YES;
				CLANG_WARN_OBJC_IMPLICIT_RETAIN_SELF = YES;
				CLANG_WARN_OBJC_LITERAL_CONVERSION = YES;
				CLANG_WARN_OBJC_ROOT_CLASS = YES_ERROR;
				CLANG_WARN_QUOTED_INCLUDE_IN_FRAMEWORK_HEADER = YES;
				CLANG_WARN_RANGE_LOOP_ANALYSIS = YES;
				CLANG_WARN_STRICT_PROTOTYPES = YES;
				CLANG_WARN_SUSPICIOUS_MOVE = YES;
				CLANG_WARN_UNGUARDED_AVAILABILITY = YES_AGGRESSIVE;
				CLANG_WARN_UNREACHABLE_CODE = YES;
				CLANG_WARN__DUPLICATE_METHOD_MATCH = YES;
				COPY_PHASE_STRIP = NO;
				DEBUG_INFORMATION_FORMAT = "dwarf-with-dsym";
				ENABLE_NS_ASSERTIONS = NO;
				ENABLE_STRICT_OBJC_MSGSEND = YES;
				GCC_C_LANGUAGE_STANDARD = gnu11;
				GCC_NO_COMMON_BLOCKS = YES;
				GCC_WARN_64_TO_32_BIT_CONVERSION = YES;
				GCC_WARN_ABOUT_RETURN_TYPE = YES_ERROR;
				GCC_WARN_UNDECLARED_SELECTOR = YES;
				GCC_WARN_UNINITIALIZED_AUTOS = YES_AGGRESSIVE;
				GCC_WARN_UNUSED_FUNCTION = YES;
				GCC_WARN_UNUSED_VARIABLE = YES;
				IPHONEOS_DEPLOYMENT_TARGET = 15.0;
				MTL_ENABLE_DEBUG_INFO = NO;
				MTL_FAST_MATH = YES;
				SDKROOT = iphoneos;
				SWIFT_COMPILATION_MODE = wholemodule;
				SWIFT_OPTIMIZATION_LEVEL = "-O";
				VALIDATE_PRODUCT = YES;
			};
			name = Release;
		};
		357DCC97284BBBD400AA7570 /* Debug */ = {
			isa = XCBuildConfiguration;
			buildSettings = {
				ASSETCATALOG_COMPILER_APPICON_NAME = AppIcon;
				ASSETCATALOG_COMPILER_GLOBAL_ACCENT_COLOR_NAME = AccentColor;
				CODE_SIGN_STYLE = Automatic;
				CURRENT_PROJECT_VERSION = 1;
				DEVELOPMENT_TEAM = PHT5ZHW738;
				GENERATE_INFOPLIST_FILE = YES;
				INFOPLIST_FILE = iCoin/Info.plist;
				INFOPLIST_KEY_CFBundleDisplayName = GDAC;
				INFOPLIST_KEY_UIApplicationSupportsIndirectInputEvents = YES;
				INFOPLIST_KEY_UILaunchStoryboardName = LaunchScreen;
				INFOPLIST_KEY_UISupportedInterfaceOrientations = UIInterfaceOrientationPortrait;
				INFOPLIST_KEY_UISupportedInterfaceOrientations_iPad = "UIInterfaceOrientationLandscapeLeft UIInterfaceOrientationLandscapeRight UIInterfaceOrientationPortrait UIInterfaceOrientationPortraitUpsideDown";
				LD_RUNPATH_SEARCH_PATHS = (
					"$(inherited)",
					"@executable_path/Frameworks",
				);
				MARKETING_VERSION = 1.0;
				PRODUCT_BUNDLE_IDENTIFIER = yokim.iCoin;
				PRODUCT_NAME = "$(TARGET_NAME)";
				SWIFT_EMIT_LOC_STRINGS = YES;
				SWIFT_VERSION = 5.0;
				TARGETED_DEVICE_FAMILY = "1,2";
			};
			name = Debug;
		};
		357DCC98284BBBD400AA7570 /* Release */ = {
			isa = XCBuildConfiguration;
			buildSettings = {
				ASSETCATALOG_COMPILER_APPICON_NAME = AppIcon;
				ASSETCATALOG_COMPILER_GLOBAL_ACCENT_COLOR_NAME = AccentColor;
				CODE_SIGN_STYLE = Automatic;
				CURRENT_PROJECT_VERSION = 1;
				DEVELOPMENT_TEAM = PHT5ZHW738;
				GENERATE_INFOPLIST_FILE = YES;
				INFOPLIST_FILE = iCoin/Info.plist;
				INFOPLIST_KEY_CFBundleDisplayName = GDAC;
				INFOPLIST_KEY_UIApplicationSupportsIndirectInputEvents = YES;
				INFOPLIST_KEY_UILaunchStoryboardName = LaunchScreen;
				INFOPLIST_KEY_UISupportedInterfaceOrientations = UIInterfaceOrientationPortrait;
				INFOPLIST_KEY_UISupportedInterfaceOrientations_iPad = "UIInterfaceOrientationLandscapeLeft UIInterfaceOrientationLandscapeRight UIInterfaceOrientationPortrait UIInterfaceOrientationPortraitUpsideDown";
				LD_RUNPATH_SEARCH_PATHS = (
					"$(inherited)",
					"@executable_path/Frameworks",
				);
				MARKETING_VERSION = 1.0;
				PRODUCT_BUNDLE_IDENTIFIER = yokim.iCoin;
				PRODUCT_NAME = "$(TARGET_NAME)";
				SWIFT_EMIT_LOC_STRINGS = YES;
				SWIFT_VERSION = 5.0;
				TARGETED_DEVICE_FAMILY = "1,2";
			};
			name = Release;
		};
/* End XCBuildConfiguration section */

/* Begin XCConfigurationList section */
		357DCC7D284BBBD200AA7570 /* Build configuration list for PBXProject "iCoin" */ = {
			isa = XCConfigurationList;
			buildConfigurations = (
				357DCC94284BBBD400AA7570 /* Debug */,
				357DCC95284BBBD400AA7570 /* Release */,
			);
			defaultConfigurationIsVisible = 0;
			defaultConfigurationName = Release;
		};
		357DCC96284BBBD400AA7570 /* Build configuration list for PBXNativeTarget "iCoin" */ = {
			isa = XCConfigurationList;
			buildConfigurations = (
				357DCC97284BBBD400AA7570 /* Debug */,
				357DCC98284BBBD400AA7570 /* Release */,
			);
			defaultConfigurationIsVisible = 0;
			defaultConfigurationName = Release;
		};
/* End XCConfigurationList section */

/* Begin XCRemoteSwiftPackageReference section */
		350F69102965BADF001F37D3 /* XCRemoteSwiftPackageReference "Starscream" */ = {
			isa = XCRemoteSwiftPackageReference;
			repositoryURL = "https://github.com/daltoniam/Starscream.git";
			requirement = {
				branch = master;
				kind = branch;
			};
		};
		350F69222969E9CC001F37D3 /* XCRemoteSwiftPackageReference "firebase-ios-sdk" */ = {
			isa = XCRemoteSwiftPackageReference;
			repositoryURL = "https://github.com/firebase/firebase-ios-sdk.git";
			requirement = {
				branch = master;
				kind = branch;
			};
		};
		3513802D284EED270082D813 /* XCRemoteSwiftPackageReference "SDWebImage" */ = {
			isa = XCRemoteSwiftPackageReference;
			repositoryURL = "https://github.com/SDWebImage/SDWebImage.git";
			requirement = {
				kind = upToNextMajorVersion;
				minimumVersion = 5.0.0;
			};
		};
		357DCCB7284BE64200AA7570 /* XCRemoteSwiftPackageReference "ModernRIBs" */ = {
			isa = XCRemoteSwiftPackageReference;
			repositoryURL = "https://github.com/DevYeom/ModernRIBs.git";
			requirement = {
				kind = upToNextMajorVersion;
				minimumVersion = 1.0.0;
			};
		};
		357DCCBA284BE64F00AA7570 /* XCRemoteSwiftPackageReference "CombineCocoa" */ = {
			isa = XCRemoteSwiftPackageReference;
			repositoryURL = "https://github.com/CombineCommunity/CombineCocoa.git";
			requirement = {
				branch = main;
				kind = branch;
			};
		};
		35C1627A297A8F58003FBA1B /* XCRemoteSwiftPackageReference "stock-charts" */ = {
			isa = XCRemoteSwiftPackageReference;
			repositoryURL = "https://github.com/denniscmartin/stock-charts.git";
			requirement = {
				kind = upToNextMajorVersion;
				minimumVersion = 1.0.0;
			};
		};
		35C9716D28FC0AAD00079B03 /* XCRemoteSwiftPackageReference "FloatingPanel" */ = {
			isa = XCRemoteSwiftPackageReference;
			repositoryURL = "https://github.com/scenee/FloatingPanel.git";
			requirement = {
				branch = master;
				kind = branch;
			};
		};
/* End XCRemoteSwiftPackageReference section */

/* Begin XCSwiftPackageProductDependency section */
		350F69112965BADF001F37D3 /* Starscream */ = {
			isa = XCSwiftPackageProductDependency;
			package = 350F69102965BADF001F37D3 /* XCRemoteSwiftPackageReference "Starscream" */;
			productName = Starscream;
		};
		350F69232969E9CC001F37D3 /* FirebaseAnalytics */ = {
			isa = XCSwiftPackageProductDependency;
			package = 350F69222969E9CC001F37D3 /* XCRemoteSwiftPackageReference "firebase-ios-sdk" */;
			productName = FirebaseAnalytics;
		};
		350F69252969E9CC001F37D3 /* FirebaseAuth */ = {
			isa = XCSwiftPackageProductDependency;
			package = 350F69222969E9CC001F37D3 /* XCRemoteSwiftPackageReference "firebase-ios-sdk" */;
			productName = FirebaseAuth;
		};
		350F69272969E9CC001F37D3 /* FirebaseAuthCombine-Community */ = {
			isa = XCSwiftPackageProductDependency;
			package = 350F69222969E9CC001F37D3 /* XCRemoteSwiftPackageReference "firebase-ios-sdk" */;
			productName = "FirebaseAuthCombine-Community";
		};
		350F69292969E9CC001F37D3 /* FirebaseDatabase */ = {
			isa = XCSwiftPackageProductDependency;
			package = 350F69222969E9CC001F37D3 /* XCRemoteSwiftPackageReference "firebase-ios-sdk" */;
			productName = FirebaseDatabase;
		};
		350F692B2969E9CC001F37D3 /* FirebaseDatabaseSwift */ = {
			isa = XCSwiftPackageProductDependency;
			package = 350F69222969E9CC001F37D3 /* XCRemoteSwiftPackageReference "firebase-ios-sdk" */;
			productName = FirebaseDatabaseSwift;
		};
		350F692D2969E9CC001F37D3 /* FirebaseFirestore */ = {
			isa = XCSwiftPackageProductDependency;
			package = 350F69222969E9CC001F37D3 /* XCRemoteSwiftPackageReference "firebase-ios-sdk" */;
			productName = FirebaseFirestore;
		};
		350F692F2969E9CC001F37D3 /* FirebaseFirestoreCombine-Community */ = {
			isa = XCSwiftPackageProductDependency;
			package = 350F69222969E9CC001F37D3 /* XCRemoteSwiftPackageReference "firebase-ios-sdk" */;
			productName = "FirebaseFirestoreCombine-Community";
		};
		3513802E284EED270082D813 /* SDWebImage */ = {
			isa = XCSwiftPackageProductDependency;
			package = 3513802D284EED270082D813 /* XCRemoteSwiftPackageReference "SDWebImage" */;
			productName = SDWebImage;
		};
		357DCCB8284BE64200AA7570 /* ModernRIBs */ = {
			isa = XCSwiftPackageProductDependency;
			package = 357DCCB7284BE64200AA7570 /* XCRemoteSwiftPackageReference "ModernRIBs" */;
			productName = ModernRIBs;
		};
		357DCCBB284BE64F00AA7570 /* CombineCocoa */ = {
			isa = XCSwiftPackageProductDependency;
			package = 357DCCBA284BE64F00AA7570 /* XCRemoteSwiftPackageReference "CombineCocoa" */;
			productName = CombineCocoa;
		};
		35C1627B297A8F59003FBA1B /* StockCharts */ = {
			isa = XCSwiftPackageProductDependency;
			package = 35C1627A297A8F58003FBA1B /* XCRemoteSwiftPackageReference "stock-charts" */;
			productName = StockCharts;
		};
		35C9716E28FC0AAD00079B03 /* FloatingPanel */ = {
			isa = XCSwiftPackageProductDependency;
			package = 35C9716D28FC0AAD00079B03 /* XCRemoteSwiftPackageReference "FloatingPanel" */;
			productName = FloatingPanel;
		};
/* End XCSwiftPackageProductDependency section */
	};
	rootObject = 357DCC7A284BBBD200AA7570 /* Project object */;
}
